
Microsoft Visual Studio Solution File, Format Version 12.00
# Visual Studio Version 17
VisualStudioVersion = 17.5.33530.505
MinimumVisualStudioVersion = 10.0.40219.1
Project("{2150E333-8FDC-42A3-9474-1A3956D46DE8}") = "Src", "Src", "{12ABFB03-BF74-458A-96EA-D1407234F8CE}"
EndProject
Project("{2150E333-8FDC-42A3-9474-1A3956D46DE8}") = "Test", "Test", "{D2FC7476-C1C8-41F6-8EF6-1812C2AD7A28}"
EndProject
Project("{2150E333-8FDC-42A3-9474-1A3956D46DE8}") = "Doc", "Doc", "{B70B3B6B-2D84-48F2-ADAC-F50BC2D83BA4}"
EndProject
Project("{2150E333-8FDC-42A3-9474-1A3956D46DE8}") = "Core", "Core", "{80F696BE-FAA3-4A50-8AED-4032E296A355}"
EndProject
Project("{2150E333-8FDC-42A3-9474-1A3956D46DE8}") = "Infra", "Infra", "{38F9D3C2-96CC-4D71-92B7-3791FCCF263B}"
EndProject
Project("{2150E333-8FDC-42A3-9474-1A3956D46DE8}") = "Presentation", "Presentation", "{25D34D90-263D-46E1-9EF8-7BAC35F7BB4E}"
EndProject
Project("{FAE04EC0-301F-11D3-BF4B-00C04F79EFBC}") = "Endpoint.WinUI", "Endpoint.WinUI\Endpoint.WinUI.csproj", "{701CBCDE-0FAD-421E-9F3B-17ACBA9267B9}"
EndProject
Project("{FAE04EC0-301F-11D3-BF4B-00C04F79EFBC}") = "Endpoint.WebUI", "Endpoint.WebUI\Endpoint.WebUI.csproj", "{6FA0AE51-5810-49A8-B963-4AFCBF984396}"
EndProject
Project("{FAE04EC0-301F-11D3-BF4B-00C04F79EFBC}") = "OIS.Domain", "OIS.Domain\OIS.Domain.csproj", "{7411D6C5-508A-427B-BC8D-7B3BC1768253}"
EndProject
Project("{FAE04EC0-301F-11D3-BF4B-00C04F79EFBC}") = "OIS.Application", "OIS.Application\OIS.Application.csproj", "{1C99107D-71F8-480E-927D-ADA3DE762AE8}"
EndProject
Project("{FAE04EC0-301F-11D3-BF4B-00C04F79EFBC}") = "OIS.Infrastructure", "OIS.Infrastructure\OIS.Infrastructure.csproj", "{4683363E-9CB2-4FC9-BF0F-23D5F312EC2C}"
EndProject
Project("{FAE04EC0-301F-11D3-BF4B-00C04F79EFBC}") = "OIS.Persistence", "OIS.Persistence\OIS.Persistence.csproj", "{5623EFE8-1323-4F81-A796-9DB3E402CED0}"
EndProject
Project("{2150E333-8FDC-42A3-9474-1A3956D46DE8}") = "Database", "Database", "{00DFCAD3-D28A-46DE-868F-E3D8306F116B}"
EndProject
Project("{00D1A9C2-B5F0-4AF3-8072-F6C62B433612}") = "OIS.SQLDB", "OIS.SQLDB\OIS.SQLDB.sqlproj", "{F9042715-A490-4ECE-B298-6EB0D6004B73}"
EndProject
Global
	GlobalSection(SolutionConfigurationPlatforms) = preSolution
		Debug|Any CPU = Debug|Any CPU
		Release|Any CPU = Release|Any CPU
	EndGlobalSection
	GlobalSection(ProjectConfigurationPlatforms) = postSolution
		{701CBCDE-0FAD-421E-9F3B-17ACBA9267B9}.Debug|Any CPU.ActiveCfg = Debug|Any CPU
		{701CBCDE-0FAD-421E-9F3B-17ACBA9267B9}.Debug|Any CPU.Build.0 = Debug|Any CPU
		{701CBCDE-0FAD-421E-9F3B-17ACBA9267B9}.Release|Any CPU.ActiveCfg = Release|Any CPU
		{701CBCDE-0FAD-421E-9F3B-17ACBA9267B9}.Release|Any CPU.Build.0 = Release|Any CPU
		{6FA0AE51-5810-49A8-B963-4AFCBF984396}.Debug|Any CPU.ActiveCfg = Debug|Any CPU
		{6FA0AE51-5810-49A8-B963-4AFCBF984396}.Debug|Any CPU.Build.0 = Debug|Any CPU
		{6FA0AE51-5810-49A8-B963-4AFCBF984396}.Release|Any CPU.ActiveCfg = Release|Any CPU
		{6FA0AE51-5810-49A8-B963-4AFCBF984396}.Release|Any CPU.Build.0 = Release|Any CPU
		{7411D6C5-508A-427B-BC8D-7B3BC1768253}.Debug|Any CPU.ActiveCfg = Debug|Any CPU
		{7411D6C5-508A-427B-BC8D-7B3BC1768253}.Debug|Any CPU.Build.0 = Debug|Any CPU
		{7411D6C5-508A-427B-BC8D-7B3BC1768253}.Release|Any CPU.ActiveCfg = Release|Any CPU
		{7411D6C5-508A-427B-BC8D-7B3BC1768253}.Release|Any CPU.Build.0 = Release|Any CPU
		{1C99107D-71F8-480E-927D-ADA3DE762AE8}.Debug|Any CPU.ActiveCfg = Debug|Any CPU
		{1C99107D-71F8-480E-927D-ADA3DE762AE8}.Debug|Any CPU.Build.0 = Debug|Any CPU
		{1C99107D-71F8-480E-927D-ADA3DE762AE8}.Release|Any CPU.ActiveCfg = Release|Any CPU
		{1C99107D-71F8-480E-927D-ADA3DE762AE8}.Release|Any CPU.Build.0 = Release|Any CPU
		{4683363E-9CB2-4FC9-BF0F-23D5F312EC2C}.Debug|Any CPU.ActiveCfg = Debug|Any CPU
		{4683363E-9CB2-4FC9-BF0F-23D5F312EC2C}.Debug|Any CPU.Build.0 = Debug|Any CPU
		{4683363E-9CB2-4FC9-BF0F-23D5F312EC2C}.Release|Any CPU.ActiveCfg = Release|Any CPU
		{4683363E-9CB2-4FC9-BF0F-23D5F312EC2C}.Release|Any CPU.Build.0 = Release|Any CPU
		{5623EFE8-1323-4F81-A796-9DB3E402CED0}.Debug|Any CPU.ActiveCfg = Debug|Any CPU
		{5623EFE8-1323-4F81-A796-9DB3E402CED0}.Debug|Any CPU.Build.0 = Debug|Any CPU
		{5623EFE8-1323-4F81-A796-9DB3E402CED0}.Release|Any CPU.ActiveCfg = Release|Any CPU
		{5623EFE8-1323-4F81-A796-9DB3E402CED0}.Release|Any CPU.Build.0 = Release|Any CPU
		{F9042715-A490-4ECE-B298-6EB0D6004B73}.Debug|Any CPU.ActiveCfg = Debug|Any CPU
		{F9042715-A490-4ECE-B298-6EB0D6004B73}.Debug|Any CPU.Build.0 = Debug|Any CPU
		{F9042715-A490-4ECE-B298-6EB0D6004B73}.Debug|Any CPU.Deploy.0 = Debug|Any CPU
		{F9042715-A490-4ECE-B298-6EB0D6004B73}.Release|Any CPU.ActiveCfg = Release|Any CPU
		{F9042715-A490-4ECE-B298-6EB0D6004B73}.Release|Any CPU.Build.0 = Release|Any CPU
		{F9042715-A490-4ECE-B298-6EB0D6004B73}.Release|Any CPU.Deploy.0 = Release|Any CPU
	EndGlobalSection
	GlobalSection(SolutionProperties) = preSolution
		HideSolutionNode = FALSE
	EndGlobalSection
	GlobalSection(NestedProjects) = preSolution
		{80F696BE-FAA3-4A50-8AED-4032E296A355} = {12ABFB03-BF74-458A-96EA-D1407234F8CE}
		{38F9D3C2-96CC-4D71-92B7-3791FCCF263B} = {12ABFB03-BF74-458A-96EA-D1407234F8CE}
		{25D34D90-263D-46E1-9EF8-7BAC35F7BB4E} = {12ABFB03-BF74-458A-96EA-D1407234F8CE}
		{701CBCDE-0FAD-421E-9F3B-17ACBA9267B9} = {25D34D90-263D-46E1-9EF8-7BAC35F7BB4E}
		{6FA0AE51-5810-49A8-B963-4AFCBF984396} = {25D34D90-263D-46E1-9EF8-7BAC35F7BB4E}
		{7411D6C5-508A-427B-BC8D-7B3BC1768253} = {80F696BE-FAA3-4A50-8AED-4032E296A355}
		{1C99107D-71F8-480E-927D-ADA3DE762AE8} = {80F696BE-FAA3-4A50-8AED-4032E296A355}
		{4683363E-9CB2-4FC9-BF0F-23D5F312EC2C} = {38F9D3C2-96CC-4D71-92B7-3791FCCF263B}
		{5623EFE8-1323-4F81-A796-9DB3E402CED0} = {38F9D3C2-96CC-4D71-92B7-3791FCCF263B}
		{00DFCAD3-D28A-46DE-868F-E3D8306F116B} = {12ABFB03-BF74-458A-96EA-D1407234F8CE}
		{F9042715-A490-4ECE-B298-6EB0D6004B73} = {00DFCAD3-D28A-46DE-868F-E3D8306F116B}
	EndGlobalSection
	GlobalSection(ExtensibilityGlobals) = postSolution
		SolutionGuid = {EE1BE3AD-1C74-477C-80AD-B71DC67A54F0}
	EndGlobalSection
EndGlobal
